{
  "name": "ruby-parker-harbord-portfolio",
  "lockfileVersion": 2,
  "requires": true,
  "packages": {
    "": {
      "dependencies": {
        "@next/font": "^13.4.5"
      }
    },
    "node_modules/@next/font": {
      "version": "13.4.5",
      "resolved": "https://registry.npmjs.org/@next/font/-/font-13.4.5.tgz",
      "integrity": "sha512-pjgtnnyamcFK9rv/WKr9WDmVBcd50VK4zZX9E846jowRm8FadjiumDOV80elXUtYW9GXSpAiqWqNMw/kVXNuQQ=="
    }
  },
  "dependencies": {
    "@next/font": {
      "version": "13.4.5",
      "resolved": "https://registry.npmjs.org/@next/font/-/font-13.4.5.tgz",
      "integrity": "sha512-pjgtnnyamcFK9rv/WKr9WDmVBcd50VK4zZX9E846jowRm8FadjiumDOV80elXUtYW9GXSpAiqWqNMw/kVXNuQQ=="
    }
  }
}
